
Microsoft Visual Studio Solution File, Format Version 12.00
# Visual Studio Version 16
VisualStudioVersion = 16.0.29613.14
MinimumVisualStudioVersion = 10.0.40219.1
Project("{8BC9CEB8-8B4A-11D0-8D11-00A0C91BC942}") = "ChapterC", "ChapterC.vcxproj", "{087A75C9-EED5-46CD-9235-8EB3C37A5663}"
EndProject
Global
	GlobalSection(SolutionConfigurationPlatforms) = preSolution
		Debug|x64 = Debug|x64
		Debug|x86 = Debug|x86
		Release|x64 = Release|x64
		Release|x86 = Release|x86
	EndGlobalSection
	GlobalSection(ProjectConfigurationPlatforms) = postSolution
		{087A75C9-EED5-46CD-9235-8EB3C37A5663}.Debug|x64.ActiveCfg = Debug|x64
		{087A75C9-EED5-46CD-9235-8EB3C37A5663}.Debug|x64.Build.0 = Debug|x64
		{087A75C9-EED5-46CD-9235-8EB3C37A5663}.Debug|x86.ActiveCfg = Debug|Win32
		{087A75C9-EED5-46CD-9235-8EB3C37A5663}.Debug|x86.Build.0 = Debug|Win32
		{087A75C9-EED5-46CD-9235-8EB3C37A5663}.Release|x64.ActiveCfg = Release|x64
		{087A75C9-EED5-46CD-9235-8EB3C37A5663}.Release|x64.Build.0 = Release|x64
		{087A75C9-EED5-46CD-9235-8EB3C37A5663}.Release|x86.ActiveCfg = Release|Win32
		{087A75C9-EED5-46CD-9235-8EB3C37A5663}.Release|x86.Build.0 = Release|Win32
	EndGlobalSection
	GlobalSection(SolutionProperties) = preSolution
		HideSolutionNode = FALSE
	EndGlobalSection
	GlobalSection(ExtensibilityGlobals) = postSolution
		SolutionGuid = {9D09F13A-AE77-42C7-868C-9CFA529578C8}
	EndGlobalSection
EndGlobal
